{
  "requires": true,
  "lockfileVersion": 1,
  "dependencies": {
    "bluetooth-hci-socket": {
      "version": "0.5.1",
      "resolved": "https://registry.npmjs.org/bluetooth-hci-socket/-/bluetooth-hci-socket-0.5.1.tgz",
      "integrity": "sha1-774hUk/Bz10/rl1RNl1WHUq77Qs=",
      "optional": true,
      "requires": {
        "debug": "^2.2.0",
        "nan": "^2.0.5",
        "usb": "^1.1.0"
      }
    },
    "bplist-parser": {
      "version": "0.0.6",
      "resolved": "https://registry.npmjs.org/bplist-parser/-/bplist-parser-0.0.6.tgz",
      "integrity": "sha1-ONo0cYF9+dRKs4kuJ3B7u9daEbk=",
      "optional": true
    },
    "debug": {
      "version": "2.2.0",
      "resolved": "https://registry.npmjs.org/debug/-/debug-2.2.0.tgz",
      "integrity": "sha1-+HBX6ZWxofauaklgZkE3vFbwOdo=",
      "requires": {
        "ms": "0.7.1"
      }
    },
    "handlebars": {
      "version": "4.7.7",
      "resolved": "https://registry.npmjs.org/handlebars/-/handlebars-4.7.7.tgz",
      "integrity": "sha512-aAcXm5OAfE/8IXkcZvCepKU3VzW1/39Fb5ZuqMtgI/hT8X2YgoMvBY5dLhq/cpOvw7Lk1nK/UF71aLG/ZnVYRA==",
      "requires": {
        "minimist": "^1.2.5",
        "neo-async": "^2.6.0",
        "source-map": "^0.6.1",
        "uglify-js": "^3.1.4",
        "wordwrap": "^1.0.0"
      }
    },
    "minimist": {
      "version": "1.2.5",
      "resolved": "https://registry.npmjs.org/minimist/-/minimist-1.2.5.tgz",
      "integrity": "sha512-FM9nNUYrRBAELZQT3xeZQ7fmMOBg6nWNmJKTcgsJeaLstP/UODVpGsr5OhXhhXg6f+qtJ8uiZ+PUxkDWcgIXLw=="
    },
    "ms": {
      "version": "0.7.1",
      "resolved": "https://registry.npmjs.org/ms/-/ms-0.7.1.tgz",
      "integrity": "sha1-nNE8A62/8ltl7/3nzoZO6VIBcJg="
    },
    "nan": {
      "version": "2.15.0",
      "resolved": "https://registry.npmjs.org/nan/-/nan-2.15.0.tgz",
      "integrity": "sha512-8ZtvEnA2c5aYCZYd1cvgdnU6cqwixRoYg70xPLWUws5ORTa/lnw+u4amixRS/Ac5U5mQVgp9pnlSUnbNWFaWZQ==",
      "optional": true
    },
    "neo-async": {
      "version": "2.6.2",
      "resolved": "https://registry.npmjs.org/neo-async/-/neo-async-2.6.2.tgz",
      "integrity": "sha512-Yd3UES5mWCSqR+qNT93S3UoYUkqAZ9lLg8a7g9rimsWmYGK8cVToA4/sF3RrshdyV3sAGMXVUmpMYOw+dLpOuw=="
    },
    "noble": {
      "version": "1.9.1",
      "resolved": "https://registry.npmjs.org/noble/-/noble-1.9.1.tgz",
      "integrity": "sha1-LM0x6tjsktv/bxmkLkILJYvNzdA=",
      "requires": {
        "bluetooth-hci-socket": "^0.5.1",
        "bplist-parser": "0.0.6",
        "debug": "~2.2.0",
        "xpc-connection": "~0.1.4"
      }
    },
    "node-addon-api": {
      "version": "4.2.0",
      "resolved": "https://registry.npmjs.org/node-addon-api/-/node-addon-api-4.2.0.tgz",
      "integrity": "sha512-eazsqzwG2lskuzBqCGPi7Ac2UgOoMz8JVOXVhTvvPDYhthvNpefx8jWD8Np7Gv+2Sz0FlPWZk0nJV0z598Wn8Q==",
      "optional": true
    },
    "node-gyp-build": {
      "version": "4.3.0",
      "resolved": "https://registry.npmjs.org/node-gyp-build/-/node-gyp-build-4.3.0.tgz",
      "integrity": "sha512-iWjXZvmboq0ja1pUGULQBexmxq8CV4xBhX7VDOTbL7ZR4FOowwY/VOtRxBN/yKxmdGoIp4j5ysNT4u3S2pDQ3Q==",
      "optional": true
    },
    "source-map": {
      "version": "0.6.1",
      "resolved": "https://registry.npmjs.org/source-map/-/source-map-0.6.1.tgz",
      "integrity": "sha512-UjgapumWlbMhkBgzT7Ykc5YXUT46F0iKu8SGXq0bcwP5dz/h0Plj6enJqjz1Zbq2l5WaqYnrVbwWOWMyF3F47g=="
    },
    "uglify-js": {
      "version": "3.14.2",
      "resolved": "https://registry.npmjs.org/uglify-js/-/uglify-js-3.14.2.tgz",
      "integrity": "sha512-rtPMlmcO4agTUfz10CbgJ1k6UAoXM2gWb3GoMPPZB/+/Ackf8lNWk11K4rYi2D0apgoFRLtQOZhb+/iGNJq26A=="
    },
    "usb": {
      "version": "1.8.0",
      "resolved": "https://registry.npmjs.org/usb/-/usb-1.8.0.tgz",
      "integrity": "sha512-lA0q2tjDEAq1YUsW6nQ+asw92TtFrQ8rhMd11jAoFhK3xItZUupJ7npZDSmVOpQqQhhdFmX/YciqyywupA/wOQ==",
      "optional": true,
      "requires": {
        "node-addon-api": "^4.2.0",
        "node-gyp-build": "^4.3.0"
      }
    },
    "wordwrap": {
      "version": "1.0.0",
      "resolved": "https://registry.npmjs.org/wordwrap/-/wordwrap-1.0.0.tgz",
      "integrity": "sha1-J1hIEIkUVqQXHI0CJkQa3pDLyus="
    },
    "xpc-connection": {
      "version": "0.1.4",
      "resolved": "https://registry.npmjs.org/xpc-connection/-/xpc-connection-0.1.4.tgz",
      "integrity": "sha1-3Nf6oq7Gt6bhjMXdrQQvejTHcVY=",
      "optional": true,
      "requires": {
        "nan": "^2.0.5"
      }
    }
  }
}
